
Microsoft Visual Studio Solution File, Format Version 12.00
# Visual Studio 2013
VisualStudioVersion = 12.0.21005.1
MinimumVisualStudioVersion = 10.0.40219.1
Project("{8BC9CEB8-8B4A-11D0-8D11-00A0C91BC942}") = "test_7_27", "test_7_27\test_7_27.vcxproj", "{F35618CD-D1DA-4772-BEA4-7F359AFC60F7}"
EndProject
Global
	GlobalSection(SolutionConfigurationPlatforms) = preSolution
		Debug|Win32 = Debug|Win32
		Release|Win32 = Release|Win32
	EndGlobalSection
	GlobalSection(ProjectConfigurationPlatforms) = postSolution
		{F35618CD-D1DA-4772-BEA4-7F359AFC60F7}.Debug|Win32.ActiveCfg = Debug|Win32
		{F35618CD-D1DA-4772-BEA4-7F359AFC60F7}.Debug|Win32.Build.0 = Debug|Win32
		{F35618CD-D1DA-4772-BEA4-7F359AFC60F7}.Release|Win32.ActiveCfg = Release|Win32
		{F35618CD-D1DA-4772-BEA4-7F359AFC60F7}.Release|Win32.Build.0 = Release|Win32
	EndGlobalSection
	GlobalSection(SolutionProperties) = preSolution
		HideSolutionNode = FALSE
	EndGlobalSection
EndGlobal
